
Microsoft Visual Studio Solution File, Format Version 11.00
# Visual Studio 2010
Project("{FAE04EC0-301F-11D3-BF4B-00C04F79EFBC}") = "VirtuosoSkosNET", "VirtuosoSkos\VirtuosoSkosNET.csproj", "{8B064323-F869-4E25-9C86-9DCC90013B00}"
EndProject
Project("{FAE04EC0-301F-11D3-BF4B-00C04F79EFBC}") = "WindowsFormsApplication1", "WindowsFormsApplication1\WindowsFormsApplication1.csproj", "{F63135D0-2869-4378-B430-A8925407C873}"
EndProject
Project("{FAE04EC0-301F-11D3-BF4B-00C04F79EFBC}") = "VirtuosoSkosSilverlight", "VirtuosoSkosSilverlight\VirtuosoSkosSilverlight.csproj", "{82FC528A-CFF2-4811-9D41-F05D6022328A}"
EndProject
Project("{FAE04EC0-301F-11D3-BF4B-00C04F79EFBC}") = "SilverlightApplication2", "SilverlightApplication2\SilverlightApplication2.csproj", "{DCB72072-3C11-4B79-B6B7-08483257D1FE}"
EndProject
Project("{FAE04EC0-301F-11D3-BF4B-00C04F79EFBC}") = "SilverlightApplication2.Web", "SilverlightApplication2.Web\SilverlightApplication2.Web.csproj", "{071DCD5F-4E55-4404-8A1C-3BBBE1D2CE25}"
EndProject
Global
	GlobalSection(SolutionConfigurationPlatforms) = preSolution
		Debug|Any CPU = Debug|Any CPU
		Debug|Mixed Platforms = Debug|Mixed Platforms
		Debug|x86 = Debug|x86
		Release|Any CPU = Release|Any CPU
		Release|Mixed Platforms = Release|Mixed Platforms
		Release|x86 = Release|x86
	EndGlobalSection
	GlobalSection(ProjectConfigurationPlatforms) = postSolution
		{8B064323-F869-4E25-9C86-9DCC90013B00}.Debug|Any CPU.ActiveCfg = Debug|Any CPU
		{8B064323-F869-4E25-9C86-9DCC90013B00}.Debug|Any CPU.Build.0 = Debug|Any CPU
		{8B064323-F869-4E25-9C86-9DCC90013B00}.Debug|Mixed Platforms.ActiveCfg = Debug|Any CPU
		{8B064323-F869-4E25-9C86-9DCC90013B00}.Debug|Mixed Platforms.Build.0 = Debug|Any CPU
		{8B064323-F869-4E25-9C86-9DCC90013B00}.Debug|x86.ActiveCfg = Debug|Any CPU
		{8B064323-F869-4E25-9C86-9DCC90013B00}.Release|Any CPU.ActiveCfg = Release|Any CPU
		{8B064323-F869-4E25-9C86-9DCC90013B00}.Release|Any CPU.Build.0 = Release|Any CPU
		{8B064323-F869-4E25-9C86-9DCC90013B00}.Release|Mixed Platforms.ActiveCfg = Release|Any CPU
		{8B064323-F869-4E25-9C86-9DCC90013B00}.Release|Mixed Platforms.Build.0 = Release|Any CPU
		{8B064323-F869-4E25-9C86-9DCC90013B00}.Release|x86.ActiveCfg = Release|Any CPU
		{F63135D0-2869-4378-B430-A8925407C873}.Debug|Any CPU.ActiveCfg = Debug|x86
		{F63135D0-2869-4378-B430-A8925407C873}.Debug|Mixed Platforms.ActiveCfg = Debug|x86
		{F63135D0-2869-4378-B430-A8925407C873}.Debug|Mixed Platforms.Build.0 = Debug|x86
		{F63135D0-2869-4378-B430-A8925407C873}.Debug|x86.ActiveCfg = Debug|x86
		{F63135D0-2869-4378-B430-A8925407C873}.Debug|x86.Build.0 = Debug|x86
		{F63135D0-2869-4378-B430-A8925407C873}.Release|Any CPU.ActiveCfg = Release|x86
		{F63135D0-2869-4378-B430-A8925407C873}.Release|Mixed Platforms.ActiveCfg = Release|x86
		{F63135D0-2869-4378-B430-A8925407C873}.Release|Mixed Platforms.Build.0 = Release|x86
		{F63135D0-2869-4378-B430-A8925407C873}.Release|x86.ActiveCfg = Release|x86
		{F63135D0-2869-4378-B430-A8925407C873}.Release|x86.Build.0 = Release|x86
		{82FC528A-CFF2-4811-9D41-F05D6022328A}.Debug|Any CPU.ActiveCfg = Debug|Any CPU
		{82FC528A-CFF2-4811-9D41-F05D6022328A}.Debug|Any CPU.Build.0 = Debug|Any CPU
		{82FC528A-CFF2-4811-9D41-F05D6022328A}.Debug|Mixed Platforms.ActiveCfg = Debug|Any CPU
		{82FC528A-CFF2-4811-9D41-F05D6022328A}.Debug|Mixed Platforms.Build.0 = Debug|Any CPU
		{82FC528A-CFF2-4811-9D41-F05D6022328A}.Debug|x86.ActiveCfg = Debug|Any CPU
		{82FC528A-CFF2-4811-9D41-F05D6022328A}.Release|Any CPU.ActiveCfg = Release|Any CPU
		{82FC528A-CFF2-4811-9D41-F05D6022328A}.Release|Any CPU.Build.0 = Release|Any CPU
		{82FC528A-CFF2-4811-9D41-F05D6022328A}.Release|Mixed Platforms.ActiveCfg = Release|Any CPU
		{82FC528A-CFF2-4811-9D41-F05D6022328A}.Release|Mixed Platforms.Build.0 = Release|Any CPU
		{82FC528A-CFF2-4811-9D41-F05D6022328A}.Release|x86.ActiveCfg = Release|Any CPU
		{DCB72072-3C11-4B79-B6B7-08483257D1FE}.Debug|Any CPU.ActiveCfg = Debug|Any CPU
		{DCB72072-3C11-4B79-B6B7-08483257D1FE}.Debug|Any CPU.Build.0 = Debug|Any CPU
		{DCB72072-3C11-4B79-B6B7-08483257D1FE}.Debug|Mixed Platforms.ActiveCfg = Debug|Any CPU
		{DCB72072-3C11-4B79-B6B7-08483257D1FE}.Debug|Mixed Platforms.Build.0 = Debug|Any CPU
		{DCB72072-3C11-4B79-B6B7-08483257D1FE}.Debug|x86.ActiveCfg = Debug|Any CPU
		{DCB72072-3C11-4B79-B6B7-08483257D1FE}.Release|Any CPU.ActiveCfg = Release|Any CPU
		{DCB72072-3C11-4B79-B6B7-08483257D1FE}.Release|Any CPU.Build.0 = Release|Any CPU
		{DCB72072-3C11-4B79-B6B7-08483257D1FE}.Release|Mixed Platforms.ActiveCfg = Release|Any CPU
		{DCB72072-3C11-4B79-B6B7-08483257D1FE}.Release|Mixed Platforms.Build.0 = Release|Any CPU
		{DCB72072-3C11-4B79-B6B7-08483257D1FE}.Release|x86.ActiveCfg = Release|Any CPU
		{071DCD5F-4E55-4404-8A1C-3BBBE1D2CE25}.Debug|Any CPU.ActiveCfg = Debug|Any CPU
		{071DCD5F-4E55-4404-8A1C-3BBBE1D2CE25}.Debug|Any CPU.Build.0 = Debug|Any CPU
		{071DCD5F-4E55-4404-8A1C-3BBBE1D2CE25}.Debug|Mixed Platforms.ActiveCfg = Debug|Any CPU
		{071DCD5F-4E55-4404-8A1C-3BBBE1D2CE25}.Debug|Mixed Platforms.Build.0 = Debug|Any CPU
		{071DCD5F-4E55-4404-8A1C-3BBBE1D2CE25}.Debug|x86.ActiveCfg = Debug|Any CPU
		{071DCD5F-4E55-4404-8A1C-3BBBE1D2CE25}.Release|Any CPU.ActiveCfg = Release|Any CPU
		{071DCD5F-4E55-4404-8A1C-3BBBE1D2CE25}.Release|Any CPU.Build.0 = Release|Any CPU
		{071DCD5F-4E55-4404-8A1C-3BBBE1D2CE25}.Release|Mixed Platforms.ActiveCfg = Release|Any CPU
		{071DCD5F-4E55-4404-8A1C-3BBBE1D2CE25}.Release|Mixed Platforms.Build.0 = Release|Any CPU
		{071DCD5F-4E55-4404-8A1C-3BBBE1D2CE25}.Release|x86.ActiveCfg = Release|Any CPU
	EndGlobalSection
	GlobalSection(SolutionProperties) = preSolution
		HideSolutionNode = FALSE
	EndGlobalSection
EndGlobal
